
Microsoft Visual Studio Solution File, Format Version 12.00
# Visual Studio Version 17
VisualStudioVersion = 17.9.34723.18
MinimumVisualStudioVersion = 10.0.40219.1
Project("{2150E333-8FDC-42A3-9474-1A3956D46DE8}") = "Client", "Client", "{913A71C0-5A5F-4B15-8602-8393F7F84B98}"
EndProject
Project("{2150E333-8FDC-42A3-9474-1A3956D46DE8}") = "Server", "Server", "{89C4AC05-BF20-4182-8948-EFAC46C82D54}"
EndProject
Project("{2150E333-8FDC-42A3-9474-1A3956D46DE8}") = "1.Start", "1.Start", "{01B4FDC6-4A61-4062-8391-AB79D3831F73}"
EndProject
Project("{2150E333-8FDC-42A3-9474-1A3956D46DE8}") = "2.Modules", "2.Modules", "{2824775F-84B9-4F72-AC72-EFC4FA5D740E}"
EndProject
Project("{2150E333-8FDC-42A3-9474-1A3956D46DE8}") = "3.BLL", "3.BLL", "{ECCF25B2-3ABF-4946-BB5D-BBB9AEDA06C5}"
EndProject
Project("{2150E333-8FDC-42A3-9474-1A3956D46DE8}") = "4.DAL", "4.DAL", "{FCBF479F-63BB-4472-B020-D5DDA01D85FC}"
EndProject
Project("{2150E333-8FDC-42A3-9474-1A3956D46DE8}") = "5.Entity", "5.Entity", "{B7FF9FD2-A6C4-412C-80CE-E8EFB8345341}"
EndProject
Project("{2150E333-8FDC-42A3-9474-1A3956D46DE8}") = "6.Common", "6.Common", "{7A119F08-1B46-48DC-B6E2-5FCB77E31C45}"
EndProject
Project("{2150E333-8FDC-42A3-9474-1A3956D46DE8}") = "1.Start", "1.Start", "{5FB95711-9920-4FBE-B6EF-22F75E88D25F}"
EndProject
Project("{2150E333-8FDC-42A3-9474-1A3956D46DE8}") = "2.Service", "2.Service", "{5CB10166-0408-4543-976C-D047336A383D}"
EndProject
Project("{2150E333-8FDC-42A3-9474-1A3956D46DE8}") = "3.DAL", "3.DAL", "{DE32077B-57AA-42A8-8340-A56AFF7C3D35}"
EndProject
Project("{2150E333-8FDC-42A3-9474-1A3956D46DE8}") = "4.Common", "4.Common", "{DD5C3E3A-2BB9-4126-8F8D-BA0D78F5D95F}"
EndProject
Project("{FAE04EC0-301F-11D3-BF4B-00C04F79EFBC}") = "SmartParking.Server.Start", "SmartParking.Server.Start\SmartParking.Server.Start.csproj", "{0EA0C006-DFC4-436D-B370-F9DDF3F632F0}"
EndProject
Global
	GlobalSection(SolutionConfigurationPlatforms) = preSolution
		Debug|Any CPU = Debug|Any CPU
		Release|Any CPU = Release|Any CPU
	EndGlobalSection
	GlobalSection(ProjectConfigurationPlatforms) = postSolution
		{0EA0C006-DFC4-436D-B370-F9DDF3F632F0}.Debug|Any CPU.ActiveCfg = Debug|Any CPU
		{0EA0C006-DFC4-436D-B370-F9DDF3F632F0}.Debug|Any CPU.Build.0 = Debug|Any CPU
		{0EA0C006-DFC4-436D-B370-F9DDF3F632F0}.Release|Any CPU.ActiveCfg = Release|Any CPU
		{0EA0C006-DFC4-436D-B370-F9DDF3F632F0}.Release|Any CPU.Build.0 = Release|Any CPU
	EndGlobalSection
	GlobalSection(SolutionProperties) = preSolution
		HideSolutionNode = FALSE
	EndGlobalSection
	GlobalSection(NestedProjects) = preSolution
		{01B4FDC6-4A61-4062-8391-AB79D3831F73} = {913A71C0-5A5F-4B15-8602-8393F7F84B98}
		{2824775F-84B9-4F72-AC72-EFC4FA5D740E} = {913A71C0-5A5F-4B15-8602-8393F7F84B98}
		{ECCF25B2-3ABF-4946-BB5D-BBB9AEDA06C5} = {913A71C0-5A5F-4B15-8602-8393F7F84B98}
		{FCBF479F-63BB-4472-B020-D5DDA01D85FC} = {913A71C0-5A5F-4B15-8602-8393F7F84B98}
		{B7FF9FD2-A6C4-412C-80CE-E8EFB8345341} = {913A71C0-5A5F-4B15-8602-8393F7F84B98}
		{7A119F08-1B46-48DC-B6E2-5FCB77E31C45} = {913A71C0-5A5F-4B15-8602-8393F7F84B98}
		{5FB95711-9920-4FBE-B6EF-22F75E88D25F} = {89C4AC05-BF20-4182-8948-EFAC46C82D54}
		{5CB10166-0408-4543-976C-D047336A383D} = {89C4AC05-BF20-4182-8948-EFAC46C82D54}
		{DE32077B-57AA-42A8-8340-A56AFF7C3D35} = {89C4AC05-BF20-4182-8948-EFAC46C82D54}
		{DD5C3E3A-2BB9-4126-8F8D-BA0D78F5D95F} = {89C4AC05-BF20-4182-8948-EFAC46C82D54}
		{0EA0C006-DFC4-436D-B370-F9DDF3F632F0} = {5FB95711-9920-4FBE-B6EF-22F75E88D25F}
	EndGlobalSection
	GlobalSection(ExtensibilityGlobals) = postSolution
		SolutionGuid = {6D9C3A80-0C75-48E0-B793-4996E3AF4C97}
	EndGlobalSection
EndGlobal
