
Microsoft Visual Studio Solution File, Format Version 12.00
# Visual Studio Version 17
VisualStudioVersion = 17.9.34723.18
MinimumVisualStudioVersion = 10.0.40219.1
Project("{2150E333-8FDC-42A3-9474-1A3956D46DE8}") = "Client", "Client", "{913A71C0-5A5F-4B15-8602-8393F7F84B98}"
EndProject
Project("{2150E333-8FDC-42A3-9474-1A3956D46DE8}") = "Server", "Server", "{89C4AC05-BF20-4182-8948-EFAC46C82D54}"
EndProject
Project("{2150E333-8FDC-42A3-9474-1A3956D46DE8}") = "1.Start", "1.Start", "{01B4FDC6-4A61-4062-8391-AB79D3831F73}"
EndProject
Project("{2150E333-8FDC-42A3-9474-1A3956D46DE8}") = "2.Modules", "2.Modules", "{2824775F-84B9-4F72-AC72-EFC4FA5D740E}"
EndProject
Project("{2150E333-8FDC-42A3-9474-1A3956D46DE8}") = "3.BLL", "3.BLL", "{ECCF25B2-3ABF-4946-BB5D-BBB9AEDA06C5}"
EndProject
Project("{2150E333-8FDC-42A3-9474-1A3956D46DE8}") = "4.DAL", "4.DAL", "{FCBF479F-63BB-4472-B020-D5DDA01D85FC}"
EndProject
Project("{2150E333-8FDC-42A3-9474-1A3956D46DE8}") = "5.Entity", "5.Entity", "{B7FF9FD2-A6C4-412C-80CE-E8EFB8345341}"
EndProject
Project("{2150E333-8FDC-42A3-9474-1A3956D46DE8}") = "6.Common", "6.Common", "{7A119F08-1B46-48DC-B6E2-5FCB77E31C45}"
EndProject
Project("{2150E333-8FDC-42A3-9474-1A3956D46DE8}") = "1.Start", "1.Start", "{5FB95711-9920-4FBE-B6EF-22F75E88D25F}"
EndProject
Project("{2150E333-8FDC-42A3-9474-1A3956D46DE8}") = "2.Service", "2.Service", "{5CB10166-0408-4543-976C-D047336A383D}"
EndProject
Project("{2150E333-8FDC-42A3-9474-1A3956D46DE8}") = "3.DAL", "3.DAL", "{DE32077B-57AA-42A8-8340-A56AFF7C3D35}"
EndProject
Project("{2150E333-8FDC-42A3-9474-1A3956D46DE8}") = "4.Common", "4.Common", "{DD5C3E3A-2BB9-4126-8F8D-BA0D78F5D95F}"
EndProject
Project("{FAE04EC0-301F-11D3-BF4B-00C04F79EFBC}") = "SmartParking.Server.Start", "SmartParking.Server.Start\SmartParking.Server.Start.csproj", "{0EA0C006-DFC4-436D-B370-F9DDF3F632F0}"
EndProject
Project("{FAE04EC0-301F-11D3-BF4B-00C04F79EFBC}") = "SmartParking.Server.EFCore", "Server\SmartParking.Server.EFCore\SmartParking.Server.EFCore.csproj", "{F971BC83-40D1-47DB-97F3-71C7E4C7F0AD}"
EndProject
Project("{FAE04EC0-301F-11D3-BF4B-00C04F79EFBC}") = "SmartParking.Server.Models", "Server\SmartParking.Server.Models\SmartParking.Server.Models.csproj", "{60D7E3A2-A730-4E3C-806C-FA244968B0F8}"
EndProject
Project("{FAE04EC0-301F-11D3-BF4B-00C04F79EFBC}") = "SmartParking.Server.IEFContext", "Server\SmartParking.Server.IEFContext\SmartParking.Server.IEFContext.csproj", "{6AEDE82B-1ECC-4D87-A54D-04500C116827}"
EndProject
Project("{FAE04EC0-301F-11D3-BF4B-00C04F79EFBC}") = "SmartParking.Server.EFContext", "Server\SmartParking.Server.EFContext\SmartParking.Server.EFContext.csproj", "{2CD04848-CA69-49D8-9758-B5E09334C628}"
EndProject
Project("{FAE04EC0-301F-11D3-BF4B-00C04F79EFBC}") = "IConfiguration", "Server\IConfiguration\IConfiguration.csproj", "{3270A436-3935-40A6-830A-0ABA4209D2C9}"
EndProject
Project("{FAE04EC0-301F-11D3-BF4B-00C04F79EFBC}") = "Configuration", "Server\Configuration\Configuration.csproj", "{DE76454C-966F-4C64-ACEE-2030DAB0959F}"
EndProject
Project("{FAE04EC0-301F-11D3-BF4B-00C04F79EFBC}") = "SmarkParking.Server.IService", "Server\SmarkParking.Server.IService\SmarkParking.Server.IService.csproj", "{7E796680-D071-4B09-B7C3-04D1C0D9ACC1}"
EndProject
Project("{FAE04EC0-301F-11D3-BF4B-00C04F79EFBC}") = "SmarkParking.Server.Service", "Server\SmarkParking.Server.Service\SmarkParking.Server.Service.csproj", "{0E80D01F-F730-4E3A-B06A-A8CEE4049A79}"
EndProject
Project("{FAE04EC0-301F-11D3-BF4B-00C04F79EFBC}") = "SmartParking.Client.Start", "Client\SmartParking.Client.Start\SmartParking.Client.Start.csproj", "{13D5F2CB-47E2-44A7-9809-5C8030EDA69D}"
EndProject
Project("{FAE04EC0-301F-11D3-BF4B-00C04F79EFBC}") = "SmartParking.Client.Common", "Client\SmartParking.Client.Common\SmartParking.Client.Common.csproj", "{8AED7030-F0F7-4C58-8AEF-295C5F6765BD}"
EndProject
Project("{FAE04EC0-301F-11D3-BF4B-00C04F79EFBC}") = "SmartParking.Client.IDAL", "Client\SmartParking.Client.IDAL\SmartParking.Client.IDAL.csproj", "{F7931A98-4A8D-471A-BA60-880E45C1FA0A}"
EndProject
Project("{FAE04EC0-301F-11D3-BF4B-00C04F79EFBC}") = "SmartParking.Client.DAL", "Client\SmartParking.Client.DAL\SmartParking.Client.DAL.csproj", "{D17892E6-A5EF-4073-B367-AC04E0E6D91F}"
EndProject
Project("{FAE04EC0-301F-11D3-BF4B-00C04F79EFBC}") = "SmartParking.Client.IBLL", "Client\SmartParking.Client.IBLL\SmartParking.Client.IBLL.csproj", "{1FBF6D56-0489-4327-9CEB-1E323F5FA7CF}"
EndProject
Project("{FAE04EC0-301F-11D3-BF4B-00C04F79EFBC}") = "SmartParking.Client.BLL", "Client\SmartParking.Client.BLL\SmartParking.Client.BLL.csproj", "{2F8E8F19-5582-47FC-9A1E-D276839C5240}"
EndProject
Project("{FAE04EC0-301F-11D3-BF4B-00C04F79EFBC}") = "SmartParking.Client.Entity", "Client\SmartParking.Client.Entity\SmartParking.Client.Entity.csproj", "{38E636F3-FFF6-41B3-BD10-BFAF7E99EA1C}"
EndProject
Project("{FAE04EC0-301F-11D3-BF4B-00C04F79EFBC}") = "SmartParking.Client.Assets", "Client\SmartParking.Client.Assets\SmartParking.Client.Assets.csproj", "{A2B43048-FFD7-452E-A2CD-0EFEDAEC17BB}"
EndProject
Global
	GlobalSection(SolutionConfigurationPlatforms) = preSolution
		Debug|Any CPU = Debug|Any CPU
		Release|Any CPU = Release|Any CPU
	EndGlobalSection
	GlobalSection(ProjectConfigurationPlatforms) = postSolution
		{0EA0C006-DFC4-436D-B370-F9DDF3F632F0}.Debug|Any CPU.ActiveCfg = Debug|Any CPU
		{0EA0C006-DFC4-436D-B370-F9DDF3F632F0}.Debug|Any CPU.Build.0 = Debug|Any CPU
		{0EA0C006-DFC4-436D-B370-F9DDF3F632F0}.Release|Any CPU.ActiveCfg = Release|Any CPU
		{0EA0C006-DFC4-436D-B370-F9DDF3F632F0}.Release|Any CPU.Build.0 = Release|Any CPU
		{F971BC83-40D1-47DB-97F3-71C7E4C7F0AD}.Debug|Any CPU.ActiveCfg = Debug|Any CPU
		{F971BC83-40D1-47DB-97F3-71C7E4C7F0AD}.Debug|Any CPU.Build.0 = Debug|Any CPU
		{F971BC83-40D1-47DB-97F3-71C7E4C7F0AD}.Release|Any CPU.ActiveCfg = Release|Any CPU
		{F971BC83-40D1-47DB-97F3-71C7E4C7F0AD}.Release|Any CPU.Build.0 = Release|Any CPU
		{60D7E3A2-A730-4E3C-806C-FA244968B0F8}.Debug|Any CPU.ActiveCfg = Debug|Any CPU
		{60D7E3A2-A730-4E3C-806C-FA244968B0F8}.Debug|Any CPU.Build.0 = Debug|Any CPU
		{60D7E3A2-A730-4E3C-806C-FA244968B0F8}.Release|Any CPU.ActiveCfg = Release|Any CPU
		{60D7E3A2-A730-4E3C-806C-FA244968B0F8}.Release|Any CPU.Build.0 = Release|Any CPU
		{6AEDE82B-1ECC-4D87-A54D-04500C116827}.Debug|Any CPU.ActiveCfg = Debug|Any CPU
		{6AEDE82B-1ECC-4D87-A54D-04500C116827}.Debug|Any CPU.Build.0 = Debug|Any CPU
		{6AEDE82B-1ECC-4D87-A54D-04500C116827}.Release|Any CPU.ActiveCfg = Release|Any CPU
		{6AEDE82B-1ECC-4D87-A54D-04500C116827}.Release|Any CPU.Build.0 = Release|Any CPU
		{2CD04848-CA69-49D8-9758-B5E09334C628}.Debug|Any CPU.ActiveCfg = Debug|Any CPU
		{2CD04848-CA69-49D8-9758-B5E09334C628}.Debug|Any CPU.Build.0 = Debug|Any CPU
		{2CD04848-CA69-49D8-9758-B5E09334C628}.Release|Any CPU.ActiveCfg = Release|Any CPU
		{2CD04848-CA69-49D8-9758-B5E09334C628}.Release|Any CPU.Build.0 = Release|Any CPU
		{3270A436-3935-40A6-830A-0ABA4209D2C9}.Debug|Any CPU.ActiveCfg = Debug|Any CPU
		{3270A436-3935-40A6-830A-0ABA4209D2C9}.Debug|Any CPU.Build.0 = Debug|Any CPU
		{3270A436-3935-40A6-830A-0ABA4209D2C9}.Release|Any CPU.ActiveCfg = Release|Any CPU
		{3270A436-3935-40A6-830A-0ABA4209D2C9}.Release|Any CPU.Build.0 = Release|Any CPU
		{DE76454C-966F-4C64-ACEE-2030DAB0959F}.Debug|Any CPU.ActiveCfg = Debug|Any CPU
		{DE76454C-966F-4C64-ACEE-2030DAB0959F}.Debug|Any CPU.Build.0 = Debug|Any CPU
		{DE76454C-966F-4C64-ACEE-2030DAB0959F}.Release|Any CPU.ActiveCfg = Release|Any CPU
		{DE76454C-966F-4C64-ACEE-2030DAB0959F}.Release|Any CPU.Build.0 = Release|Any CPU
		{7E796680-D071-4B09-B7C3-04D1C0D9ACC1}.Debug|Any CPU.ActiveCfg = Debug|Any CPU
		{7E796680-D071-4B09-B7C3-04D1C0D9ACC1}.Debug|Any CPU.Build.0 = Debug|Any CPU
		{7E796680-D071-4B09-B7C3-04D1C0D9ACC1}.Release|Any CPU.ActiveCfg = Release|Any CPU
		{7E796680-D071-4B09-B7C3-04D1C0D9ACC1}.Release|Any CPU.Build.0 = Release|Any CPU
		{0E80D01F-F730-4E3A-B06A-A8CEE4049A79}.Debug|Any CPU.ActiveCfg = Debug|Any CPU
		{0E80D01F-F730-4E3A-B06A-A8CEE4049A79}.Debug|Any CPU.Build.0 = Debug|Any CPU
		{0E80D01F-F730-4E3A-B06A-A8CEE4049A79}.Release|Any CPU.ActiveCfg = Release|Any CPU
		{0E80D01F-F730-4E3A-B06A-A8CEE4049A79}.Release|Any CPU.Build.0 = Release|Any CPU
		{13D5F2CB-47E2-44A7-9809-5C8030EDA69D}.Debug|Any CPU.ActiveCfg = Debug|Any CPU
		{13D5F2CB-47E2-44A7-9809-5C8030EDA69D}.Debug|Any CPU.Build.0 = Debug|Any CPU
		{13D5F2CB-47E2-44A7-9809-5C8030EDA69D}.Release|Any CPU.ActiveCfg = Release|Any CPU
		{13D5F2CB-47E2-44A7-9809-5C8030EDA69D}.Release|Any CPU.Build.0 = Release|Any CPU
		{8AED7030-F0F7-4C58-8AEF-295C5F6765BD}.Debug|Any CPU.ActiveCfg = Debug|Any CPU
		{8AED7030-F0F7-4C58-8AEF-295C5F6765BD}.Debug|Any CPU.Build.0 = Debug|Any CPU
		{8AED7030-F0F7-4C58-8AEF-295C5F6765BD}.Release|Any CPU.ActiveCfg = Release|Any CPU
		{8AED7030-F0F7-4C58-8AEF-295C5F6765BD}.Release|Any CPU.Build.0 = Release|Any CPU
		{F7931A98-4A8D-471A-BA60-880E45C1FA0A}.Debug|Any CPU.ActiveCfg = Debug|Any CPU
		{F7931A98-4A8D-471A-BA60-880E45C1FA0A}.Debug|Any CPU.Build.0 = Debug|Any CPU
		{F7931A98-4A8D-471A-BA60-880E45C1FA0A}.Release|Any CPU.ActiveCfg = Release|Any CPU
		{F7931A98-4A8D-471A-BA60-880E45C1FA0A}.Release|Any CPU.Build.0 = Release|Any CPU
		{D17892E6-A5EF-4073-B367-AC04E0E6D91F}.Debug|Any CPU.ActiveCfg = Debug|Any CPU
		{D17892E6-A5EF-4073-B367-AC04E0E6D91F}.Debug|Any CPU.Build.0 = Debug|Any CPU
		{D17892E6-A5EF-4073-B367-AC04E0E6D91F}.Release|Any CPU.ActiveCfg = Release|Any CPU
		{D17892E6-A5EF-4073-B367-AC04E0E6D91F}.Release|Any CPU.Build.0 = Release|Any CPU
		{1FBF6D56-0489-4327-9CEB-1E323F5FA7CF}.Debug|Any CPU.ActiveCfg = Debug|Any CPU
		{1FBF6D56-0489-4327-9CEB-1E323F5FA7CF}.Debug|Any CPU.Build.0 = Debug|Any CPU
		{1FBF6D56-0489-4327-9CEB-1E323F5FA7CF}.Release|Any CPU.ActiveCfg = Release|Any CPU
		{1FBF6D56-0489-4327-9CEB-1E323F5FA7CF}.Release|Any CPU.Build.0 = Release|Any CPU
		{2F8E8F19-5582-47FC-9A1E-D276839C5240}.Debug|Any CPU.ActiveCfg = Debug|Any CPU
		{2F8E8F19-5582-47FC-9A1E-D276839C5240}.Debug|Any CPU.Build.0 = Debug|Any CPU
		{2F8E8F19-5582-47FC-9A1E-D276839C5240}.Release|Any CPU.ActiveCfg = Release|Any CPU
		{2F8E8F19-5582-47FC-9A1E-D276839C5240}.Release|Any CPU.Build.0 = Release|Any CPU
		{38E636F3-FFF6-41B3-BD10-BFAF7E99EA1C}.Debug|Any CPU.ActiveCfg = Debug|Any CPU
		{38E636F3-FFF6-41B3-BD10-BFAF7E99EA1C}.Debug|Any CPU.Build.0 = Debug|Any CPU
		{38E636F3-FFF6-41B3-BD10-BFAF7E99EA1C}.Release|Any CPU.ActiveCfg = Release|Any CPU
		{38E636F3-FFF6-41B3-BD10-BFAF7E99EA1C}.Release|Any CPU.Build.0 = Release|Any CPU
		{A2B43048-FFD7-452E-A2CD-0EFEDAEC17BB}.Debug|Any CPU.ActiveCfg = Debug|Any CPU
		{A2B43048-FFD7-452E-A2CD-0EFEDAEC17BB}.Debug|Any CPU.Build.0 = Debug|Any CPU
		{A2B43048-FFD7-452E-A2CD-0EFEDAEC17BB}.Release|Any CPU.ActiveCfg = Release|Any CPU
		{A2B43048-FFD7-452E-A2CD-0EFEDAEC17BB}.Release|Any CPU.Build.0 = Release|Any CPU
	EndGlobalSection
	GlobalSection(SolutionProperties) = preSolution
		HideSolutionNode = FALSE
	EndGlobalSection
	GlobalSection(NestedProjects) = preSolution
		{01B4FDC6-4A61-4062-8391-AB79D3831F73} = {913A71C0-5A5F-4B15-8602-8393F7F84B98}
		{2824775F-84B9-4F72-AC72-EFC4FA5D740E} = {913A71C0-5A5F-4B15-8602-8393F7F84B98}
		{ECCF25B2-3ABF-4946-BB5D-BBB9AEDA06C5} = {913A71C0-5A5F-4B15-8602-8393F7F84B98}
		{FCBF479F-63BB-4472-B020-D5DDA01D85FC} = {913A71C0-5A5F-4B15-8602-8393F7F84B98}
		{B7FF9FD2-A6C4-412C-80CE-E8EFB8345341} = {913A71C0-5A5F-4B15-8602-8393F7F84B98}
		{7A119F08-1B46-48DC-B6E2-5FCB77E31C45} = {913A71C0-5A5F-4B15-8602-8393F7F84B98}
		{5FB95711-9920-4FBE-B6EF-22F75E88D25F} = {89C4AC05-BF20-4182-8948-EFAC46C82D54}
		{5CB10166-0408-4543-976C-D047336A383D} = {89C4AC05-BF20-4182-8948-EFAC46C82D54}
		{DE32077B-57AA-42A8-8340-A56AFF7C3D35} = {89C4AC05-BF20-4182-8948-EFAC46C82D54}
		{DD5C3E3A-2BB9-4126-8F8D-BA0D78F5D95F} = {89C4AC05-BF20-4182-8948-EFAC46C82D54}
		{0EA0C006-DFC4-436D-B370-F9DDF3F632F0} = {5FB95711-9920-4FBE-B6EF-22F75E88D25F}
		{F971BC83-40D1-47DB-97F3-71C7E4C7F0AD} = {DE32077B-57AA-42A8-8340-A56AFF7C3D35}
		{60D7E3A2-A730-4E3C-806C-FA244968B0F8} = {DD5C3E3A-2BB9-4126-8F8D-BA0D78F5D95F}
		{6AEDE82B-1ECC-4D87-A54D-04500C116827} = {DE32077B-57AA-42A8-8340-A56AFF7C3D35}
		{2CD04848-CA69-49D8-9758-B5E09334C628} = {DE32077B-57AA-42A8-8340-A56AFF7C3D35}
		{3270A436-3935-40A6-830A-0ABA4209D2C9} = {DD5C3E3A-2BB9-4126-8F8D-BA0D78F5D95F}
		{DE76454C-966F-4C64-ACEE-2030DAB0959F} = {DD5C3E3A-2BB9-4126-8F8D-BA0D78F5D95F}
		{7E796680-D071-4B09-B7C3-04D1C0D9ACC1} = {5CB10166-0408-4543-976C-D047336A383D}
		{0E80D01F-F730-4E3A-B06A-A8CEE4049A79} = {5CB10166-0408-4543-976C-D047336A383D}
		{13D5F2CB-47E2-44A7-9809-5C8030EDA69D} = {01B4FDC6-4A61-4062-8391-AB79D3831F73}
		{8AED7030-F0F7-4C58-8AEF-295C5F6765BD} = {7A119F08-1B46-48DC-B6E2-5FCB77E31C45}
		{F7931A98-4A8D-471A-BA60-880E45C1FA0A} = {FCBF479F-63BB-4472-B020-D5DDA01D85FC}
		{D17892E6-A5EF-4073-B367-AC04E0E6D91F} = {FCBF479F-63BB-4472-B020-D5DDA01D85FC}
		{1FBF6D56-0489-4327-9CEB-1E323F5FA7CF} = {ECCF25B2-3ABF-4946-BB5D-BBB9AEDA06C5}
		{2F8E8F19-5582-47FC-9A1E-D276839C5240} = {ECCF25B2-3ABF-4946-BB5D-BBB9AEDA06C5}
		{38E636F3-FFF6-41B3-BD10-BFAF7E99EA1C} = {B7FF9FD2-A6C4-412C-80CE-E8EFB8345341}
		{A2B43048-FFD7-452E-A2CD-0EFEDAEC17BB} = {7A119F08-1B46-48DC-B6E2-5FCB77E31C45}
	EndGlobalSection
	GlobalSection(ExtensibilityGlobals) = postSolution
		SolutionGuid = {6D9C3A80-0C75-48E0-B793-4996E3AF4C97}
	EndGlobalSection
EndGlobal
